
Microsoft Visual Studio Solution File, Format Version 12.00
# Visual Studio Version 17
VisualStudioVersion = 17.13.35818.85
MinimumVisualStudioVersion = 10.0.40219.1
Project("{FAE04EC0-301F-11D3-BF4B-00C04F79EFBC}") = "CSharp_200", "CSharp_200\CSharp_200.csproj", "{3BA86140-17A1-44BD-970E-7B94998B526F}"
EndProject
Project("{FAE04EC0-301F-11D3-BF4B-00C04F79EFBC}") = "ConsoleRead", "ConsoleRead\ConsoleRead.csproj", "{49A2A287-084B-4029-B53F-4C16B5DD42D8}"
EndProject
Project("{FAE04EC0-301F-11D3-BF4B-00C04F79EFBC}") = "ValiableAndType", "ValiableAndType\ValiableAndType.csproj", "{30913265-305B-44D9-970B-85EF5730EE9D}"
EndProject
Project("{FAE04EC0-301F-11D3-BF4B-00C04F79EFBC}") = "CharAndString", "CharAndString\CharAndString.csproj", "{BA1CE837-3E6C-4216-8814-4CBFCD0FDFEC}"
EndProject
Project("{FAE04EC0-301F-11D3-BF4B-00C04F79EFBC}") = "AssignmentOperatorsAndAssignmentStatements", "AssignmentOperatorsAndAssignmentStatements\AssignmentOperatorsAndAssignmentStatements.csproj", "{73C3F2D4-7F67-4837-8910-84D2276DBA46}"
EndProject
Project("{FAE04EC0-301F-11D3-BF4B-00C04F79EFBC}") = "ConsoleWriteMethod", "ConsoleWriteMethod\ConsoleWriteMethod.csproj", "{3D65DDBA-F70F-4978-B9AC-6DBF04B5D303}"
EndProject
Project("{FAE04EC0-301F-11D3-BF4B-00C04F79EFBC}") = "DifferentValiablePrint", "DifferentValiablePrint\DifferentValiablePrint.csproj", "{CE235828-7821-47C5-99BB-1D5DD9D7A8E4}"
EndProject
Project("{FAE04EC0-301F-11D3-BF4B-00C04F79EFBC}") = "ConsoleFormat", "ConsoleFormat\ConsoleFormat.csproj", "{F44E065B-6FA1-4C8B-95FB-0F062D11B164}"
EndProject
Project("{FAE04EC0-301F-11D3-BF4B-00C04F79EFBC}") = "FormatSpecifier", "FormatSpecifier\FormatSpecifier.csproj", "{EEBA7276-CD2E-4119-B122-7B033CEE7DA7}"
EndProject
Project("{FAE04EC0-301F-11D3-BF4B-00C04F79EFBC}") = "FloatDoubleDecimal", "FloatDoubleDecimal\FloatDoubleDecimal.csproj", "{9E44872A-61AE-4291-9031-B68E26A4D25F}"
EndProject
Project("{FAE04EC0-301F-11D3-BF4B-00C04F79EFBC}") = "TypeConversion", "TypeConversion\TypeConversion.csproj", "{37F1EB47-8DA9-4B74-8530-0FD352A4F30F}"
EndProject
Project("{FAE04EC0-301F-11D3-BF4B-00C04F79EFBC}") = "StringToNumber", "StringToNumber\StringToNumber.csproj", "{114D5EE0-0DC0-4DE7-999F-45EEFD81D969}"
EndProject
Project("{FAE04EC0-301F-11D3-BF4B-00C04F79EFBC}") = "Convert_", "Convert\Convert_.csproj", "{5C2FA8B5-B8AF-4857-808C-CDCC0E618121}"
EndProject
Project("{FAE04EC0-301F-11D3-BF4B-00C04F79EFBC}") = "Operators", "Operators\Operators.csproj", "{D168B3E7-02D5-4C77-BE2E-20BA69A4B75C}"
EndProject
Project("{FAE04EC0-301F-11D3-BF4B-00C04F79EFBC}") = "ArithmeticOperatiors", "ArithmeticOperatiors\ArithmeticOperatiors.csproj", "{AC0343E1-59DF-4D6D-B6F8-BB373B7657C4}"
EndProject
Project("{FAE04EC0-301F-11D3-BF4B-00C04F79EFBC}") = "DivideByzero", "DivideByzero\DivideByzero.csproj", "{FD4A25FA-C89E-47E8-9856-DB207FD8614F}"
EndProject
Project("{FAE04EC0-301F-11D3-BF4B-00C04F79EFBC}") = "Overflow", "Overflow\Overflow.csproj", "{84BF8902-D4E4-4F15-8DBF-C5A356F81F8C}"
EndProject
Project("{FAE04EC0-301F-11D3-BF4B-00C04F79EFBC}") = "RelationalOperators", "RelationalOperators\RelationalOperators.csproj", "{2CF283E9-1A47-4960-8F5C-AB013690968D}"
EndProject
Project("{FAE04EC0-301F-11D3-BF4B-00C04F79EFBC}") = "LogicalOperators", "LogicalOperators\LogicalOperators.csproj", "{1618C53C-ABA2-45A8-B071-CBECC4769803}"
EndProject
Project("{FAE04EC0-301F-11D3-BF4B-00C04F79EFBC}") = "BitwiseOperatiors", "BitwiseOperatiors\BitwiseOperatiors.csproj", "{60890747-9C75-451D-BBE6-A50CCB767B38}"
EndProject
Project("{FAE04EC0-301F-11D3-BF4B-00C04F79EFBC}") = "ConditionalOperator", "ConditionalOperator\ConditionalOperator.csproj", "{CADC2DD2-5D74-4A57-B304-3C659A5CA255}"
EndProject
Project("{FAE04EC0-301F-11D3-BF4B-00C04F79EFBC}") = "CompoundAssignment", "CompoundAssignment\CompoundAssignment.csproj", "{8516DB9A-5AFC-418C-9C04-CF58445CFBE0}"
EndProject
Project("{FAE04EC0-301F-11D3-BF4B-00C04F79EFBC}") = "StringMethods", "StringMethods\StringMethods.csproj", "{21E5EFA9-90DF-4B00-BEE7-A407AEC2DFD1}"
EndProject
Project("{FAE04EC0-301F-11D3-BF4B-00C04F79EFBC}") = "SplitMethod", "SplitMethod\SplitMethod.csproj", "{6C139462-5739-47C0-8990-55220067441A}"
EndProject
Project("{FAE04EC0-301F-11D3-BF4B-00C04F79EFBC}") = "StringConcat", "StringConcat\StringConcat.csproj", "{1CF809FA-3A46-4E55-95C2-0B265A822397}"
EndProject
Project("{FAE04EC0-301F-11D3-BF4B-00C04F79EFBC}") = "StringContains", "StringContains\StringContains.csproj", "{467E14E8-4BF0-4752-BDD8-7BD2DE098292}"
EndProject
Project("{FAE04EC0-301F-11D3-BF4B-00C04F79EFBC}") = "StringFormat2", "StringFormat2\StringFormat2.csproj", "{1BBB3E33-4F7A-4015-9224-218BE50FE31C}"
EndProject
Project("{FAE04EC0-301F-11D3-BF4B-00C04F79EFBC}") = "GroupSeparator", "GroupSeparator\GroupSeparator.csproj", "{F65A4B06-92A9-46AF-AB3F-30C367589343}"
EndProject
Project("{FAE04EC0-301F-11D3-BF4B-00C04F79EFBC}") = "StringBuilder_", "StringBuilder_\StringBuilder_.csproj", "{98D947EB-F45A-4087-80DF-F1A3BBF35049}"
EndProject
Project("{FAE04EC0-301F-11D3-BF4B-00C04F79EFBC}") = "Enum_", "Enum_\Enum_.csproj", "{3964DBD5-CD7C-4A65-83BC-FDB402E857A4}"
EndProject
Project("{FAE04EC0-301F-11D3-BF4B-00C04F79EFBC}") = "ConstAndReadonly", "ConstAndReadonly\ConstAndReadonly.csproj", "{C49270F7-EC7F-4F9C-A15D-C7E56B2F6EBE}"
EndProject
Project("{FAE04EC0-301F-11D3-BF4B-00C04F79EFBC}") = "ValueAndReference", "ValueAndReference\ValueAndReference.csproj", "{6C12CA2A-CFB7-4FCD-8AF5-7AD7438D3E96}"
EndProject
Project("{FAE04EC0-301F-11D3-BF4B-00C04F79EFBC}") = "PassingArrayAndObject", "PassingArrayAndObject\PassingArrayAndObject.csproj", "{9E918C61-2ACF-47F4-8890-612D7F20322B}"
EndProject
Project("{FAE04EC0-301F-11D3-BF4B-00C04F79EFBC}") = "NullConditionalOperator", "NullConditionalOperator\NullConditionalOperator.csproj", "{5C46434C-3CD8-4C69-86BE-94C07D7ACCBA}"
EndProject
Project("{FAE04EC0-301F-11D3-BF4B-00C04F79EFBC}") = "Default", "Default\Default.csproj", "{4E2DF8D0-B9F7-43F5-9060-2CB2F57121C2}"
EndProject
Project("{FAE04EC0-301F-11D3-BF4B-00C04F79EFBC}") = "Nullable_", "Nullable_\Nullable_.csproj", "{10849DCC-D251-4830-8FD1-00FB7E0AFB14}"
EndProject
Project("{FAE04EC0-301F-11D3-BF4B-00C04F79EFBC}") = "Obejct_", "Obejct_\Obejct_.csproj", "{2EED2BF1-EF97-4288-BDE0-AC26A11B6E73}"
EndProject
Project("{FAE04EC0-301F-11D3-BF4B-00C04F79EFBC}") = "LeapYear", "LeapYear\LeapYear.csproj", "{466973CA-CF7F-441B-82DE-3C6674D89C41}"
EndProject
Project("{FAE04EC0-301F-11D3-BF4B-00C04F79EFBC}") = "Grading_", "Grading_\Grading_.csproj", "{9F232257-4022-4213-9B46-B831D15F46D0}"
EndProject
Project("{FAE04EC0-301F-11D3-BF4B-00C04F79EFBC}") = "BMI", "BMI\BMI.csproj", "{3188FC8C-35C7-45BC-A157-9DCD9BEFF177}"
EndProject
Global
	GlobalSection(SolutionConfigurationPlatforms) = preSolution
		Debug|Any CPU = Debug|Any CPU
		Release|Any CPU = Release|Any CPU
	EndGlobalSection
	GlobalSection(ProjectConfigurationPlatforms) = postSolution
		{3BA86140-17A1-44BD-970E-7B94998B526F}.Debug|Any CPU.ActiveCfg = Debug|Any CPU
		{3BA86140-17A1-44BD-970E-7B94998B526F}.Debug|Any CPU.Build.0 = Debug|Any CPU
		{3BA86140-17A1-44BD-970E-7B94998B526F}.Release|Any CPU.ActiveCfg = Release|Any CPU
		{3BA86140-17A1-44BD-970E-7B94998B526F}.Release|Any CPU.Build.0 = Release|Any CPU
		{49A2A287-084B-4029-B53F-4C16B5DD42D8}.Debug|Any CPU.ActiveCfg = Debug|Any CPU
		{49A2A287-084B-4029-B53F-4C16B5DD42D8}.Debug|Any CPU.Build.0 = Debug|Any CPU
		{49A2A287-084B-4029-B53F-4C16B5DD42D8}.Release|Any CPU.ActiveCfg = Release|Any CPU
		{49A2A287-084B-4029-B53F-4C16B5DD42D8}.Release|Any CPU.Build.0 = Release|Any CPU
		{30913265-305B-44D9-970B-85EF5730EE9D}.Debug|Any CPU.ActiveCfg = Debug|Any CPU
		{30913265-305B-44D9-970B-85EF5730EE9D}.Debug|Any CPU.Build.0 = Debug|Any CPU
		{30913265-305B-44D9-970B-85EF5730EE9D}.Release|Any CPU.ActiveCfg = Release|Any CPU
		{30913265-305B-44D9-970B-85EF5730EE9D}.Release|Any CPU.Build.0 = Release|Any CPU
		{BA1CE837-3E6C-4216-8814-4CBFCD0FDFEC}.Debug|Any CPU.ActiveCfg = Debug|Any CPU
		{BA1CE837-3E6C-4216-8814-4CBFCD0FDFEC}.Debug|Any CPU.Build.0 = Debug|Any CPU
		{BA1CE837-3E6C-4216-8814-4CBFCD0FDFEC}.Release|Any CPU.ActiveCfg = Release|Any CPU
		{BA1CE837-3E6C-4216-8814-4CBFCD0FDFEC}.Release|Any CPU.Build.0 = Release|Any CPU
		{73C3F2D4-7F67-4837-8910-84D2276DBA46}.Debug|Any CPU.ActiveCfg = Debug|Any CPU
		{73C3F2D4-7F67-4837-8910-84D2276DBA46}.Debug|Any CPU.Build.0 = Debug|Any CPU
		{73C3F2D4-7F67-4837-8910-84D2276DBA46}.Release|Any CPU.ActiveCfg = Release|Any CPU
		{73C3F2D4-7F67-4837-8910-84D2276DBA46}.Release|Any CPU.Build.0 = Release|Any CPU
		{3D65DDBA-F70F-4978-B9AC-6DBF04B5D303}.Debug|Any CPU.ActiveCfg = Debug|Any CPU
		{3D65DDBA-F70F-4978-B9AC-6DBF04B5D303}.Debug|Any CPU.Build.0 = Debug|Any CPU
		{3D65DDBA-F70F-4978-B9AC-6DBF04B5D303}.Release|Any CPU.ActiveCfg = Release|Any CPU
		{3D65DDBA-F70F-4978-B9AC-6DBF04B5D303}.Release|Any CPU.Build.0 = Release|Any CPU
		{CE235828-7821-47C5-99BB-1D5DD9D7A8E4}.Debug|Any CPU.ActiveCfg = Debug|Any CPU
		{CE235828-7821-47C5-99BB-1D5DD9D7A8E4}.Debug|Any CPU.Build.0 = Debug|Any CPU
		{CE235828-7821-47C5-99BB-1D5DD9D7A8E4}.Release|Any CPU.ActiveCfg = Release|Any CPU
		{CE235828-7821-47C5-99BB-1D5DD9D7A8E4}.Release|Any CPU.Build.0 = Release|Any CPU
		{F44E065B-6FA1-4C8B-95FB-0F062D11B164}.Debug|Any CPU.ActiveCfg = Debug|Any CPU
		{F44E065B-6FA1-4C8B-95FB-0F062D11B164}.Debug|Any CPU.Build.0 = Debug|Any CPU
		{F44E065B-6FA1-4C8B-95FB-0F062D11B164}.Release|Any CPU.ActiveCfg = Release|Any CPU
		{F44E065B-6FA1-4C8B-95FB-0F062D11B164}.Release|Any CPU.Build.0 = Release|Any CPU
		{EEBA7276-CD2E-4119-B122-7B033CEE7DA7}.Debug|Any CPU.ActiveCfg = Debug|Any CPU
		{EEBA7276-CD2E-4119-B122-7B033CEE7DA7}.Debug|Any CPU.Build.0 = Debug|Any CPU
		{EEBA7276-CD2E-4119-B122-7B033CEE7DA7}.Release|Any CPU.ActiveCfg = Release|Any CPU
		{EEBA7276-CD2E-4119-B122-7B033CEE7DA7}.Release|Any CPU.Build.0 = Release|Any CPU
		{9E44872A-61AE-4291-9031-B68E26A4D25F}.Debug|Any CPU.ActiveCfg = Debug|Any CPU
		{9E44872A-61AE-4291-9031-B68E26A4D25F}.Debug|Any CPU.Build.0 = Debug|Any CPU
		{9E44872A-61AE-4291-9031-B68E26A4D25F}.Release|Any CPU.ActiveCfg = Release|Any CPU
		{9E44872A-61AE-4291-9031-B68E26A4D25F}.Release|Any CPU.Build.0 = Release|Any CPU
		{37F1EB47-8DA9-4B74-8530-0FD352A4F30F}.Debug|Any CPU.ActiveCfg = Debug|Any CPU
		{37F1EB47-8DA9-4B74-8530-0FD352A4F30F}.Debug|Any CPU.Build.0 = Debug|Any CPU
		{37F1EB47-8DA9-4B74-8530-0FD352A4F30F}.Release|Any CPU.ActiveCfg = Release|Any CPU
		{37F1EB47-8DA9-4B74-8530-0FD352A4F30F}.Release|Any CPU.Build.0 = Release|Any CPU
		{114D5EE0-0DC0-4DE7-999F-45EEFD81D969}.Debug|Any CPU.ActiveCfg = Debug|Any CPU
		{114D5EE0-0DC0-4DE7-999F-45EEFD81D969}.Debug|Any CPU.Build.0 = Debug|Any CPU
		{114D5EE0-0DC0-4DE7-999F-45EEFD81D969}.Release|Any CPU.ActiveCfg = Release|Any CPU
		{114D5EE0-0DC0-4DE7-999F-45EEFD81D969}.Release|Any CPU.Build.0 = Release|Any CPU
		{5C2FA8B5-B8AF-4857-808C-CDCC0E618121}.Debug|Any CPU.ActiveCfg = Debug|Any CPU
		{5C2FA8B5-B8AF-4857-808C-CDCC0E618121}.Debug|Any CPU.Build.0 = Debug|Any CPU
		{5C2FA8B5-B8AF-4857-808C-CDCC0E618121}.Release|Any CPU.ActiveCfg = Release|Any CPU
		{5C2FA8B5-B8AF-4857-808C-CDCC0E618121}.Release|Any CPU.Build.0 = Release|Any CPU
		{D168B3E7-02D5-4C77-BE2E-20BA69A4B75C}.Debug|Any CPU.ActiveCfg = Debug|Any CPU
		{D168B3E7-02D5-4C77-BE2E-20BA69A4B75C}.Debug|Any CPU.Build.0 = Debug|Any CPU
		{D168B3E7-02D5-4C77-BE2E-20BA69A4B75C}.Release|Any CPU.ActiveCfg = Release|Any CPU
		{D168B3E7-02D5-4C77-BE2E-20BA69A4B75C}.Release|Any CPU.Build.0 = Release|Any CPU
		{AC0343E1-59DF-4D6D-B6F8-BB373B7657C4}.Debug|Any CPU.ActiveCfg = Debug|Any CPU
		{AC0343E1-59DF-4D6D-B6F8-BB373B7657C4}.Debug|Any CPU.Build.0 = Debug|Any CPU
		{AC0343E1-59DF-4D6D-B6F8-BB373B7657C4}.Release|Any CPU.ActiveCfg = Release|Any CPU
		{AC0343E1-59DF-4D6D-B6F8-BB373B7657C4}.Release|Any CPU.Build.0 = Release|Any CPU
		{FD4A25FA-C89E-47E8-9856-DB207FD8614F}.Debug|Any CPU.ActiveCfg = Debug|Any CPU
		{FD4A25FA-C89E-47E8-9856-DB207FD8614F}.Debug|Any CPU.Build.0 = Debug|Any CPU
		{FD4A25FA-C89E-47E8-9856-DB207FD8614F}.Release|Any CPU.ActiveCfg = Release|Any CPU
		{FD4A25FA-C89E-47E8-9856-DB207FD8614F}.Release|Any CPU.Build.0 = Release|Any CPU
		{84BF8902-D4E4-4F15-8DBF-C5A356F81F8C}.Debug|Any CPU.ActiveCfg = Debug|Any CPU
		{84BF8902-D4E4-4F15-8DBF-C5A356F81F8C}.Debug|Any CPU.Build.0 = Debug|Any CPU
		{84BF8902-D4E4-4F15-8DBF-C5A356F81F8C}.Release|Any CPU.ActiveCfg = Release|Any CPU
		{84BF8902-D4E4-4F15-8DBF-C5A356F81F8C}.Release|Any CPU.Build.0 = Release|Any CPU
		{2CF283E9-1A47-4960-8F5C-AB013690968D}.Debug|Any CPU.ActiveCfg = Debug|Any CPU
		{2CF283E9-1A47-4960-8F5C-AB013690968D}.Debug|Any CPU.Build.0 = Debug|Any CPU
		{2CF283E9-1A47-4960-8F5C-AB013690968D}.Release|Any CPU.ActiveCfg = Release|Any CPU
		{2CF283E9-1A47-4960-8F5C-AB013690968D}.Release|Any CPU.Build.0 = Release|Any CPU
		{1618C53C-ABA2-45A8-B071-CBECC4769803}.Debug|Any CPU.ActiveCfg = Debug|Any CPU
		{1618C53C-ABA2-45A8-B071-CBECC4769803}.Debug|Any CPU.Build.0 = Debug|Any CPU
		{1618C53C-ABA2-45A8-B071-CBECC4769803}.Release|Any CPU.ActiveCfg = Release|Any CPU
		{1618C53C-ABA2-45A8-B071-CBECC4769803}.Release|Any CPU.Build.0 = Release|Any CPU
		{60890747-9C75-451D-BBE6-A50CCB767B38}.Debug|Any CPU.ActiveCfg = Debug|Any CPU
		{60890747-9C75-451D-BBE6-A50CCB767B38}.Debug|Any CPU.Build.0 = Debug|Any CPU
		{60890747-9C75-451D-BBE6-A50CCB767B38}.Release|Any CPU.ActiveCfg = Release|Any CPU
		{60890747-9C75-451D-BBE6-A50CCB767B38}.Release|Any CPU.Build.0 = Release|Any CPU
		{CADC2DD2-5D74-4A57-B304-3C659A5CA255}.Debug|Any CPU.ActiveCfg = Debug|Any CPU
		{CADC2DD2-5D74-4A57-B304-3C659A5CA255}.Debug|Any CPU.Build.0 = Debug|Any CPU
		{CADC2DD2-5D74-4A57-B304-3C659A5CA255}.Release|Any CPU.ActiveCfg = Release|Any CPU
		{CADC2DD2-5D74-4A57-B304-3C659A5CA255}.Release|Any CPU.Build.0 = Release|Any CPU
		{8516DB9A-5AFC-418C-9C04-CF58445CFBE0}.Debug|Any CPU.ActiveCfg = Debug|Any CPU
		{8516DB9A-5AFC-418C-9C04-CF58445CFBE0}.Debug|Any CPU.Build.0 = Debug|Any CPU
		{8516DB9A-5AFC-418C-9C04-CF58445CFBE0}.Release|Any CPU.ActiveCfg = Release|Any CPU
		{8516DB9A-5AFC-418C-9C04-CF58445CFBE0}.Release|Any CPU.Build.0 = Release|Any CPU
		{21E5EFA9-90DF-4B00-BEE7-A407AEC2DFD1}.Debug|Any CPU.ActiveCfg = Debug|Any CPU
		{21E5EFA9-90DF-4B00-BEE7-A407AEC2DFD1}.Debug|Any CPU.Build.0 = Debug|Any CPU
		{21E5EFA9-90DF-4B00-BEE7-A407AEC2DFD1}.Release|Any CPU.ActiveCfg = Release|Any CPU
		{21E5EFA9-90DF-4B00-BEE7-A407AEC2DFD1}.Release|Any CPU.Build.0 = Release|Any CPU
		{6C139462-5739-47C0-8990-55220067441A}.Debug|Any CPU.ActiveCfg = Debug|Any CPU
		{6C139462-5739-47C0-8990-55220067441A}.Debug|Any CPU.Build.0 = Debug|Any CPU
		{6C139462-5739-47C0-8990-55220067441A}.Release|Any CPU.ActiveCfg = Release|Any CPU
		{6C139462-5739-47C0-8990-55220067441A}.Release|Any CPU.Build.0 = Release|Any CPU
		{1CF809FA-3A46-4E55-95C2-0B265A822397}.Debug|Any CPU.ActiveCfg = Debug|Any CPU
		{1CF809FA-3A46-4E55-95C2-0B265A822397}.Debug|Any CPU.Build.0 = Debug|Any CPU
		{1CF809FA-3A46-4E55-95C2-0B265A822397}.Release|Any CPU.ActiveCfg = Release|Any CPU
		{1CF809FA-3A46-4E55-95C2-0B265A822397}.Release|Any CPU.Build.0 = Release|Any CPU
		{467E14E8-4BF0-4752-BDD8-7BD2DE098292}.Debug|Any CPU.ActiveCfg = Debug|Any CPU
		{467E14E8-4BF0-4752-BDD8-7BD2DE098292}.Debug|Any CPU.Build.0 = Debug|Any CPU
		{467E14E8-4BF0-4752-BDD8-7BD2DE098292}.Release|Any CPU.ActiveCfg = Release|Any CPU
		{467E14E8-4BF0-4752-BDD8-7BD2DE098292}.Release|Any CPU.Build.0 = Release|Any CPU
		{1BBB3E33-4F7A-4015-9224-218BE50FE31C}.Debug|Any CPU.ActiveCfg = Debug|Any CPU
		{1BBB3E33-4F7A-4015-9224-218BE50FE31C}.Debug|Any CPU.Build.0 = Debug|Any CPU
		{1BBB3E33-4F7A-4015-9224-218BE50FE31C}.Release|Any CPU.ActiveCfg = Release|Any CPU
		{1BBB3E33-4F7A-4015-9224-218BE50FE31C}.Release|Any CPU.Build.0 = Release|Any CPU
		{F65A4B06-92A9-46AF-AB3F-30C367589343}.Debug|Any CPU.ActiveCfg = Debug|Any CPU
		{F65A4B06-92A9-46AF-AB3F-30C367589343}.Debug|Any CPU.Build.0 = Debug|Any CPU
		{F65A4B06-92A9-46AF-AB3F-30C367589343}.Release|Any CPU.ActiveCfg = Release|Any CPU
		{F65A4B06-92A9-46AF-AB3F-30C367589343}.Release|Any CPU.Build.0 = Release|Any CPU
		{98D947EB-F45A-4087-80DF-F1A3BBF35049}.Debug|Any CPU.ActiveCfg = Debug|Any CPU
		{98D947EB-F45A-4087-80DF-F1A3BBF35049}.Debug|Any CPU.Build.0 = Debug|Any CPU
		{98D947EB-F45A-4087-80DF-F1A3BBF35049}.Release|Any CPU.ActiveCfg = Release|Any CPU
		{98D947EB-F45A-4087-80DF-F1A3BBF35049}.Release|Any CPU.Build.0 = Release|Any CPU
		{3964DBD5-CD7C-4A65-83BC-FDB402E857A4}.Debug|Any CPU.ActiveCfg = Debug|Any CPU
		{3964DBD5-CD7C-4A65-83BC-FDB402E857A4}.Debug|Any CPU.Build.0 = Debug|Any CPU
		{3964DBD5-CD7C-4A65-83BC-FDB402E857A4}.Release|Any CPU.ActiveCfg = Release|Any CPU
		{3964DBD5-CD7C-4A65-83BC-FDB402E857A4}.Release|Any CPU.Build.0 = Release|Any CPU
		{C49270F7-EC7F-4F9C-A15D-C7E56B2F6EBE}.Debug|Any CPU.ActiveCfg = Debug|Any CPU
		{C49270F7-EC7F-4F9C-A15D-C7E56B2F6EBE}.Debug|Any CPU.Build.0 = Debug|Any CPU
		{C49270F7-EC7F-4F9C-A15D-C7E56B2F6EBE}.Release|Any CPU.ActiveCfg = Release|Any CPU
		{C49270F7-EC7F-4F9C-A15D-C7E56B2F6EBE}.Release|Any CPU.Build.0 = Release|Any CPU
		{6C12CA2A-CFB7-4FCD-8AF5-7AD7438D3E96}.Debug|Any CPU.ActiveCfg = Debug|Any CPU
		{6C12CA2A-CFB7-4FCD-8AF5-7AD7438D3E96}.Debug|Any CPU.Build.0 = Debug|Any CPU
		{6C12CA2A-CFB7-4FCD-8AF5-7AD7438D3E96}.Release|Any CPU.ActiveCfg = Release|Any CPU
		{6C12CA2A-CFB7-4FCD-8AF5-7AD7438D3E96}.Release|Any CPU.Build.0 = Release|Any CPU
		{9E918C61-2ACF-47F4-8890-612D7F20322B}.Debug|Any CPU.ActiveCfg = Debug|Any CPU
		{9E918C61-2ACF-47F4-8890-612D7F20322B}.Debug|Any CPU.Build.0 = Debug|Any CPU
		{9E918C61-2ACF-47F4-8890-612D7F20322B}.Release|Any CPU.ActiveCfg = Release|Any CPU
		{9E918C61-2ACF-47F4-8890-612D7F20322B}.Release|Any CPU.Build.0 = Release|Any CPU
		{5C46434C-3CD8-4C69-86BE-94C07D7ACCBA}.Debug|Any CPU.ActiveCfg = Debug|Any CPU
		{5C46434C-3CD8-4C69-86BE-94C07D7ACCBA}.Debug|Any CPU.Build.0 = Debug|Any CPU
		{5C46434C-3CD8-4C69-86BE-94C07D7ACCBA}.Release|Any CPU.ActiveCfg = Release|Any CPU
		{5C46434C-3CD8-4C69-86BE-94C07D7ACCBA}.Release|Any CPU.Build.0 = Release|Any CPU
		{4E2DF8D0-B9F7-43F5-9060-2CB2F57121C2}.Debug|Any CPU.ActiveCfg = Debug|Any CPU
		{4E2DF8D0-B9F7-43F5-9060-2CB2F57121C2}.Debug|Any CPU.Build.0 = Debug|Any CPU
		{4E2DF8D0-B9F7-43F5-9060-2CB2F57121C2}.Release|Any CPU.ActiveCfg = Release|Any CPU
		{4E2DF8D0-B9F7-43F5-9060-2CB2F57121C2}.Release|Any CPU.Build.0 = Release|Any CPU
		{10849DCC-D251-4830-8FD1-00FB7E0AFB14}.Debug|Any CPU.ActiveCfg = Debug|Any CPU
		{10849DCC-D251-4830-8FD1-00FB7E0AFB14}.Debug|Any CPU.Build.0 = Debug|Any CPU
		{10849DCC-D251-4830-8FD1-00FB7E0AFB14}.Release|Any CPU.ActiveCfg = Release|Any CPU
		{10849DCC-D251-4830-8FD1-00FB7E0AFB14}.Release|Any CPU.Build.0 = Release|Any CPU
		{2EED2BF1-EF97-4288-BDE0-AC26A11B6E73}.Debug|Any CPU.ActiveCfg = Debug|Any CPU
		{2EED2BF1-EF97-4288-BDE0-AC26A11B6E73}.Debug|Any CPU.Build.0 = Debug|Any CPU
		{2EED2BF1-EF97-4288-BDE0-AC26A11B6E73}.Release|Any CPU.ActiveCfg = Release|Any CPU
		{2EED2BF1-EF97-4288-BDE0-AC26A11B6E73}.Release|Any CPU.Build.0 = Release|Any CPU
		{466973CA-CF7F-441B-82DE-3C6674D89C41}.Debug|Any CPU.ActiveCfg = Debug|Any CPU
		{466973CA-CF7F-441B-82DE-3C6674D89C41}.Debug|Any CPU.Build.0 = Debug|Any CPU
		{466973CA-CF7F-441B-82DE-3C6674D89C41}.Release|Any CPU.ActiveCfg = Release|Any CPU
		{466973CA-CF7F-441B-82DE-3C6674D89C41}.Release|Any CPU.Build.0 = Release|Any CPU
		{9F232257-4022-4213-9B46-B831D15F46D0}.Debug|Any CPU.ActiveCfg = Debug|Any CPU
		{9F232257-4022-4213-9B46-B831D15F46D0}.Debug|Any CPU.Build.0 = Debug|Any CPU
		{9F232257-4022-4213-9B46-B831D15F46D0}.Release|Any CPU.ActiveCfg = Release|Any CPU
		{9F232257-4022-4213-9B46-B831D15F46D0}.Release|Any CPU.Build.0 = Release|Any CPU
		{3188FC8C-35C7-45BC-A157-9DCD9BEFF177}.Debug|Any CPU.ActiveCfg = Debug|Any CPU
		{3188FC8C-35C7-45BC-A157-9DCD9BEFF177}.Debug|Any CPU.Build.0 = Debug|Any CPU
		{3188FC8C-35C7-45BC-A157-9DCD9BEFF177}.Release|Any CPU.ActiveCfg = Release|Any CPU
		{3188FC8C-35C7-45BC-A157-9DCD9BEFF177}.Release|Any CPU.Build.0 = Release|Any CPU
	EndGlobalSection
	GlobalSection(SolutionProperties) = preSolution
		HideSolutionNode = FALSE
	EndGlobalSection
	GlobalSection(ExtensibilityGlobals) = postSolution
		SolutionGuid = {61CD87ED-0F31-46E3-B20A-D6BEF31334C7}
	EndGlobalSection
EndGlobal
