
Microsoft Visual Studio Solution File, Format Version 12.00
# Visual Studio Version 17
VisualStudioVersion = 17.13.35818.85
MinimumVisualStudioVersion = 10.0.40219.1
Project("{FAE04EC0-301F-11D3-BF4B-00C04F79EFBC}") = "CSharp_200", "CSharp_200\CSharp_200.csproj", "{3BA86140-17A1-44BD-970E-7B94998B526F}"
EndProject
Project("{FAE04EC0-301F-11D3-BF4B-00C04F79EFBC}") = "ConsoleRead", "ConsoleRead\ConsoleRead.csproj", "{49A2A287-084B-4029-B53F-4C16B5DD42D8}"
EndProject
Project("{FAE04EC0-301F-11D3-BF4B-00C04F79EFBC}") = "ValiableAndType", "ValiableAndType\ValiableAndType.csproj", "{30913265-305B-44D9-970B-85EF5730EE9D}"
EndProject
Project("{FAE04EC0-301F-11D3-BF4B-00C04F79EFBC}") = "CharAndString", "CharAndString\CharAndString.csproj", "{BA1CE837-3E6C-4216-8814-4CBFCD0FDFEC}"
EndProject
Project("{FAE04EC0-301F-11D3-BF4B-00C04F79EFBC}") = "AssignmentOperatorsAndAssignmentStatements", "AssignmentOperatorsAndAssignmentStatements\AssignmentOperatorsAndAssignmentStatements.csproj", "{73C3F2D4-7F67-4837-8910-84D2276DBA46}"
EndProject
Project("{FAE04EC0-301F-11D3-BF4B-00C04F79EFBC}") = "ConsoleWriteMethod", "ConsoleWriteMethod\ConsoleWriteMethod.csproj", "{3D65DDBA-F70F-4978-B9AC-6DBF04B5D303}"
EndProject
Project("{FAE04EC0-301F-11D3-BF4B-00C04F79EFBC}") = "DifferentValiablePrint", "DifferentValiablePrint\DifferentValiablePrint.csproj", "{CE235828-7821-47C5-99BB-1D5DD9D7A8E4}"
EndProject
Project("{FAE04EC0-301F-11D3-BF4B-00C04F79EFBC}") = "ConsoleFormat", "ConsoleFormat\ConsoleFormat.csproj", "{F44E065B-6FA1-4C8B-95FB-0F062D11B164}"
EndProject
Project("{FAE04EC0-301F-11D3-BF4B-00C04F79EFBC}") = "FormatSpecifier", "FormatSpecifier\FormatSpecifier.csproj", "{EEBA7276-CD2E-4119-B122-7B033CEE7DA7}"
EndProject
Project("{FAE04EC0-301F-11D3-BF4B-00C04F79EFBC}") = "FloatDoubleDecimal", "FloatDoubleDecimal\FloatDoubleDecimal.csproj", "{9E44872A-61AE-4291-9031-B68E26A4D25F}"
EndProject
Project("{FAE04EC0-301F-11D3-BF4B-00C04F79EFBC}") = "TypeConversion", "TypeConversion\TypeConversion.csproj", "{37F1EB47-8DA9-4B74-8530-0FD352A4F30F}"
EndProject
Project("{FAE04EC0-301F-11D3-BF4B-00C04F79EFBC}") = "StringToNumber", "StringToNumber\StringToNumber.csproj", "{114D5EE0-0DC0-4DE7-999F-45EEFD81D969}"
EndProject
Project("{FAE04EC0-301F-11D3-BF4B-00C04F79EFBC}") = "Convert_", "Convert\Convert_.csproj", "{5C2FA8B5-B8AF-4857-808C-CDCC0E618121}"
EndProject
Project("{FAE04EC0-301F-11D3-BF4B-00C04F79EFBC}") = "Operators", "Operators\Operators.csproj", "{D168B3E7-02D5-4C77-BE2E-20BA69A4B75C}"
EndProject
Project("{FAE04EC0-301F-11D3-BF4B-00C04F79EFBC}") = "ArithmeticOperatiors", "ArithmeticOperatiors\ArithmeticOperatiors.csproj", "{AC0343E1-59DF-4D6D-B6F8-BB373B7657C4}"
EndProject
Project("{FAE04EC0-301F-11D3-BF4B-00C04F79EFBC}") = "DivideByzero", "DivideByzero\DivideByzero.csproj", "{FD4A25FA-C89E-47E8-9856-DB207FD8614F}"
EndProject
Project("{FAE04EC0-301F-11D3-BF4B-00C04F79EFBC}") = "Overflow", "Overflow\Overflow.csproj", "{84BF8902-D4E4-4F15-8DBF-C5A356F81F8C}"
EndProject
Project("{FAE04EC0-301F-11D3-BF4B-00C04F79EFBC}") = "RelationalOperators", "RelationalOperators\RelationalOperators.csproj", "{2CF283E9-1A47-4960-8F5C-AB013690968D}"
EndProject
Project("{FAE04EC0-301F-11D3-BF4B-00C04F79EFBC}") = "LogicalOperators", "LogicalOperators\LogicalOperators.csproj", "{1618C53C-ABA2-45A8-B071-CBECC4769803}"
EndProject
Project("{FAE04EC0-301F-11D3-BF4B-00C04F79EFBC}") = "BitwiseOperatiors", "BitwiseOperatiors\BitwiseOperatiors.csproj", "{60890747-9C75-451D-BBE6-A50CCB767B38}"
EndProject
Project("{FAE04EC0-301F-11D3-BF4B-00C04F79EFBC}") = "ConditionalOperator", "ConditionalOperator\ConditionalOperator.csproj", "{CADC2DD2-5D74-4A57-B304-3C659A5CA255}"
EndProject
Project("{FAE04EC0-301F-11D3-BF4B-00C04F79EFBC}") = "CompoundAssignment", "CompoundAssignment\CompoundAssignment.csproj", "{8516DB9A-5AFC-418C-9C04-CF58445CFBE0}"
EndProject
Project("{FAE04EC0-301F-11D3-BF4B-00C04F79EFBC}") = "StringMethods", "StringMethods\StringMethods.csproj", "{21E5EFA9-90DF-4B00-BEE7-A407AEC2DFD1}"
EndProject
Project("{FAE04EC0-301F-11D3-BF4B-00C04F79EFBC}") = "SplitMethod", "SplitMethod\SplitMethod.csproj", "{6C139462-5739-47C0-8990-55220067441A}"
EndProject
Project("{FAE04EC0-301F-11D3-BF4B-00C04F79EFBC}") = "StringConcat", "StringConcat\StringConcat.csproj", "{1CF809FA-3A46-4E55-95C2-0B265A822397}"
EndProject
Project("{FAE04EC0-301F-11D3-BF4B-00C04F79EFBC}") = "StringContains", "StringContains\StringContains.csproj", "{467E14E8-4BF0-4752-BDD8-7BD2DE098292}"
EndProject
Project("{FAE04EC0-301F-11D3-BF4B-00C04F79EFBC}") = "StringFormat2", "StringFormat2\StringFormat2.csproj", "{1BBB3E33-4F7A-4015-9224-218BE50FE31C}"
EndProject
Project("{FAE04EC0-301F-11D3-BF4B-00C04F79EFBC}") = "GroupSeparator", "GroupSeparator\GroupSeparator.csproj", "{F65A4B06-92A9-46AF-AB3F-30C367589343}"
EndProject
Project("{FAE04EC0-301F-11D3-BF4B-00C04F79EFBC}") = "StringBuilder_", "StringBuilder_\StringBuilder_.csproj", "{98D947EB-F45A-4087-80DF-F1A3BBF35049}"
EndProject
Project("{FAE04EC0-301F-11D3-BF4B-00C04F79EFBC}") = "Enum_", "Enum_\Enum_.csproj", "{3964DBD5-CD7C-4A65-83BC-FDB402E857A4}"
EndProject
Project("{FAE04EC0-301F-11D3-BF4B-00C04F79EFBC}") = "ConstAndReadonly", "ConstAndReadonly\ConstAndReadonly.csproj", "{C49270F7-EC7F-4F9C-A15D-C7E56B2F6EBE}"
EndProject
Project("{FAE04EC0-301F-11D3-BF4B-00C04F79EFBC}") = "ValueAndReference", "ValueAndReference\ValueAndReference.csproj", "{6C12CA2A-CFB7-4FCD-8AF5-7AD7438D3E96}"
EndProject
Project("{FAE04EC0-301F-11D3-BF4B-00C04F79EFBC}") = "PassingArrayAndObject", "PassingArrayAndObject\PassingArrayAndObject.csproj", "{9E918C61-2ACF-47F4-8890-612D7F20322B}"
EndProject
Project("{FAE04EC0-301F-11D3-BF4B-00C04F79EFBC}") = "NullConditionalOperator", "NullConditionalOperator\NullConditionalOperator.csproj", "{5C46434C-3CD8-4C69-86BE-94C07D7ACCBA}"
EndProject
Project("{FAE04EC0-301F-11D3-BF4B-00C04F79EFBC}") = "Default", "Default\Default.csproj", "{4E2DF8D0-B9F7-43F5-9060-2CB2F57121C2}"
EndProject
Project("{FAE04EC0-301F-11D3-BF4B-00C04F79EFBC}") = "Nullable_", "Nullable_\Nullable_.csproj", "{10849DCC-D251-4830-8FD1-00FB7E0AFB14}"
EndProject
Project("{FAE04EC0-301F-11D3-BF4B-00C04F79EFBC}") = "Obejct_", "Obejct_\Obejct_.csproj", "{2EED2BF1-EF97-4288-BDE0-AC26A11B6E73}"
EndProject
Project("{FAE04EC0-301F-11D3-BF4B-00C04F79EFBC}") = "LeapYear", "LeapYear\LeapYear.csproj", "{466973CA-CF7F-441B-82DE-3C6674D89C41}"
EndProject
Project("{FAE04EC0-301F-11D3-BF4B-00C04F79EFBC}") = "Grading_", "Grading_\Grading_.csproj", "{9F232257-4022-4213-9B46-B831D15F46D0}"
EndProject
Project("{FAE04EC0-301F-11D3-BF4B-00C04F79EFBC}") = "BMI", "BMI\BMI.csproj", "{3188FC8C-35C7-45BC-A157-9DCD9BEFF177}"
EndProject
Project("{FAE04EC0-301F-11D3-BF4B-00C04F79EFBC}") = "Loop", "Loop\Loop.csproj", "{6892EC82-6F98-4537-8C4B-CF18D1566784}"
EndProject
Project("{FAE04EC0-301F-11D3-BF4B-00C04F79EFBC}") = "NumberSystem", "NumberSystem\NumberSystem.csproj", "{7CE67B80-750D-401B-ACAE-F2AA0C246E65}"
EndProject
Project("{FAE04EC0-301F-11D3-BF4B-00C04F79EFBC}") = "MultiplicationTable", "MultiplicationTable\MultiplicationTable.csproj", "{5BCE45A1-4A1A-4D68-9CA6-44A0A0106C23}"
EndProject
Project("{FAE04EC0-301F-11D3-BF4B-00C04F79EFBC}") = "MinMax", "MinMax\MinMax.csproj", "{66DC1A38-5F54-41AE-A861-19D284642F8F}"
EndProject
Project("{FAE04EC0-301F-11D3-BF4B-00C04F79EFBC}") = "Power_", "Power_\Power_.csproj", "{B31018CD-0B6E-491F-B39D-E651B1D6C980}"
EndProject
Project("{FAE04EC0-301F-11D3-BF4B-00C04F79EFBC}") = "Factorial", "Factorial\Factorial.csproj", "{17F8FF63-64D9-463E-9DF8-2BA52B48A7BA}"
EndProject
Project("{FAE04EC0-301F-11D3-BF4B-00C04F79EFBC}") = "PrimeNumber", "PrimeNumber\PrimeNumber.csproj", "{16BE2E63-B54A-4592-8BC5-A23D356FE8B7}"
EndProject
Project("{FAE04EC0-301F-11D3-BF4B-00C04F79EFBC}") = "FindingPI", "FindingPI\FindingPI.csproj", "{59565BF7-7E14-43D8-9F1B-B25622640C30}"
EndProject
Project("{FAE04EC0-301F-11D3-BF4B-00C04F79EFBC}") = "InfiniteLoop", "InfiniteLoop\InfiniteLoop.csproj", "{A0DACF27-52C4-45E1-B30C-28FD53D40A43}"
EndProject
Project("{FAE04EC0-301F-11D3-BF4B-00C04F79EFBC}") = "UsingBreak", "UsingBreak\UsingBreak.csproj", "{DB7F68B8-54AF-4E2E-8764-16A77A09F3F2}"
EndProject
Project("{FAE04EC0-301F-11D3-BF4B-00C04F79EFBC}") = "SumOfFactorials", "SumOfFactorials\SumOfFactorials.csproj", "{1F5378D1-AF2F-4BB6-A316-846EFC97565F}"
EndProject
Project("{FAE04EC0-301F-11D3-BF4B-00C04F79EFBC}") = "TimesTable", "TimesTable\TimesTable.csproj", "{B03ADA7E-C18D-4D3B-984F-D7002CA42FFE}"
EndProject
Project("{FAE04EC0-301F-11D3-BF4B-00C04F79EFBC}") = "PrimeNumbers", "PrimeNumbers\PrimeNumbers.csproj", "{FAB38745-55C9-41C0-A621-6D70D2E3F684}"
EndProject
Project("{FAE04EC0-301F-11D3-BF4B-00C04F79EFBC}") = "LoopPyramid", "LoopPyramid\LoopPyramid.csproj", "{E1ECF0B5-55A4-44EA-937B-97AF3DE9F6A0}"
EndProject
Project("{FAE04EC0-301F-11D3-BF4B-00C04F79EFBC}") = "ArrayBasic", "ArrayBasic\ArrayBasic.csproj", "{72EB982A-281C-4A28-913E-58ABC600590A}"
EndProject
Project("{FAE04EC0-301F-11D3-BF4B-00C04F79EFBC}") = "ArrayClass", "ArrayClass\ArrayClass.csproj", "{40720CE2-F293-492A-9876-940D428423C4}"
EndProject
Project("{FAE04EC0-301F-11D3-BF4B-00C04F79EFBC}") = "MulitiDimensionArray", "MulitiDimensionArray\MulitiDimensionArray.csproj", "{BFF37CB4-0A4A-4C94-9E65-71EDC2FEC098}"
EndProject
Project("{FAE04EC0-301F-11D3-BF4B-00C04F79EFBC}") = "ArraySorting", "ArraySorting\ArraySorting.csproj", "{C5EF51EA-BC50-46BB-94BA-F21258A5F123}"
EndProject
Project("{FAE04EC0-301F-11D3-BF4B-00C04F79EFBC}") = "RandomClass", "RandomClass\RandomClass.csproj", "{618EFE32-C996-41D9-A20F-3718067861EF}"
EndProject
Project("{FAE04EC0-301F-11D3-BF4B-00C04F79EFBC}") = "ArrayAndRandom", "ArrayAndRandom\ArrayAndRandom.csproj", "{0B341108-9212-451E-BBCF-37B4A4C85AFA}"
EndProject
Project("{FAE04EC0-301F-11D3-BF4B-00C04F79EFBC}") = "BinarySearch", "BinarySearch\BinarySearch.csproj", "{3E567311-E5C7-4256-B94C-DF594A053ED6}"
EndProject
Project("{FAE04EC0-301F-11D3-BF4B-00C04F79EFBC}") = "BubbleSort", "BubbleSort\BubbleSort.csproj", "{0A729F18-D32C-4628-BA84-6338BD34E6B9}"
EndProject
Project("{FAE04EC0-301F-11D3-BF4B-00C04F79EFBC}") = "ClassAndStruct", "ClassAndStruct\ClassAndStruct.csproj", "{468C86E6-5DDE-4A36-AB85-8DAFEA0488DB}"
EndProject
Project("{FAE04EC0-301F-11D3-BF4B-00C04F79EFBC}") = "FieldsAndConstants", "FieldsAndConstants\FieldsAndConstants.csproj", "{EF040D4E-19BD-42E9-A422-C0591382DEB5}"
EndProject
Project("{FAE04EC0-301F-11D3-BF4B-00C04F79EFBC}") = "InstanceMethod", "InstanceMethod\InstanceMethod.csproj", "{A5BBD887-A1C1-4074-899A-0CB3158AFED5}"
EndProject
Project("{FAE04EC0-301F-11D3-BF4B-00C04F79EFBC}") = "Constructor", "Constructor\Constructor.csproj", "{23CB5BC0-A351-4B5C-B29B-B1CCF4F0BE4F}"
EndProject
Project("{FAE04EC0-301F-11D3-BF4B-00C04F79EFBC}") = "Property_", "Property_\Property_.csproj", "{05185166-EBE6-4402-8067-A16C906EE11F}"
EndProject
Project("{FAE04EC0-301F-11D3-BF4B-00C04F79EFBC}") = "StaticMethods", "StaticMethods\StaticMethods.csproj", "{0273ABBA-E117-4083-88B0-2EEF98C53E15}"
EndProject
Project("{FAE04EC0-301F-11D3-BF4B-00C04F79EFBC}") = "IsPrime", "IsPrime\IsPrime.csproj", "{E6B10E60-BD2F-47BA-B0CC-D273EFB8662C}"
EndProject
Project("{FAE04EC0-301F-11D3-BF4B-00C04F79EFBC}") = "IsLeapYear_", "IsLeapYear_\IsLeapYear_.csproj", "{CDEFFC04-F29A-47A8-AAFC-134780943354}"
EndProject
Project("{FAE04EC0-301F-11D3-BF4B-00C04F79EFBC}") = "AgeCalculator", "AgeCalculator\AgeCalculator.csproj", "{21EE3058-BE82-4DA6-BAAC-F37EA718ECA7}"
EndProject
Project("{FAE04EC0-301F-11D3-BF4B-00C04F79EFBC}") = "PyramidMethod", "PyramidMethod\PyramidMethod.csproj", "{7A464D5F-C9B9-4B74-A8A2-13AC9B6224A0}"
EndProject
Project("{FAE04EC0-301F-11D3-BF4B-00C04F79EFBC}") = "Factorial_", "Factorial_\Factorial_.csproj", "{F578FB2A-403F-403B-B80E-3EE7A335A87A}"
EndProject
Global
	GlobalSection(SolutionConfigurationPlatforms) = preSolution
		Debug|Any CPU = Debug|Any CPU
		Release|Any CPU = Release|Any CPU
	EndGlobalSection
	GlobalSection(ProjectConfigurationPlatforms) = postSolution
		{3BA86140-17A1-44BD-970E-7B94998B526F}.Debug|Any CPU.ActiveCfg = Debug|Any CPU
		{3BA86140-17A1-44BD-970E-7B94998B526F}.Debug|Any CPU.Build.0 = Debug|Any CPU
		{3BA86140-17A1-44BD-970E-7B94998B526F}.Release|Any CPU.ActiveCfg = Release|Any CPU
		{3BA86140-17A1-44BD-970E-7B94998B526F}.Release|Any CPU.Build.0 = Release|Any CPU
		{49A2A287-084B-4029-B53F-4C16B5DD42D8}.Debug|Any CPU.ActiveCfg = Debug|Any CPU
		{49A2A287-084B-4029-B53F-4C16B5DD42D8}.Debug|Any CPU.Build.0 = Debug|Any CPU
		{49A2A287-084B-4029-B53F-4C16B5DD42D8}.Release|Any CPU.ActiveCfg = Release|Any CPU
		{49A2A287-084B-4029-B53F-4C16B5DD42D8}.Release|Any CPU.Build.0 = Release|Any CPU
		{30913265-305B-44D9-970B-85EF5730EE9D}.Debug|Any CPU.ActiveCfg = Debug|Any CPU
		{30913265-305B-44D9-970B-85EF5730EE9D}.Debug|Any CPU.Build.0 = Debug|Any CPU
		{30913265-305B-44D9-970B-85EF5730EE9D}.Release|Any CPU.ActiveCfg = Release|Any CPU
		{30913265-305B-44D9-970B-85EF5730EE9D}.Release|Any CPU.Build.0 = Release|Any CPU
		{BA1CE837-3E6C-4216-8814-4CBFCD0FDFEC}.Debug|Any CPU.ActiveCfg = Debug|Any CPU
		{BA1CE837-3E6C-4216-8814-4CBFCD0FDFEC}.Debug|Any CPU.Build.0 = Debug|Any CPU
		{BA1CE837-3E6C-4216-8814-4CBFCD0FDFEC}.Release|Any CPU.ActiveCfg = Release|Any CPU
		{BA1CE837-3E6C-4216-8814-4CBFCD0FDFEC}.Release|Any CPU.Build.0 = Release|Any CPU
		{73C3F2D4-7F67-4837-8910-84D2276DBA46}.Debug|Any CPU.ActiveCfg = Debug|Any CPU
		{73C3F2D4-7F67-4837-8910-84D2276DBA46}.Debug|Any CPU.Build.0 = Debug|Any CPU
		{73C3F2D4-7F67-4837-8910-84D2276DBA46}.Release|Any CPU.ActiveCfg = Release|Any CPU
		{73C3F2D4-7F67-4837-8910-84D2276DBA46}.Release|Any CPU.Build.0 = Release|Any CPU
		{3D65DDBA-F70F-4978-B9AC-6DBF04B5D303}.Debug|Any CPU.ActiveCfg = Debug|Any CPU
		{3D65DDBA-F70F-4978-B9AC-6DBF04B5D303}.Debug|Any CPU.Build.0 = Debug|Any CPU
		{3D65DDBA-F70F-4978-B9AC-6DBF04B5D303}.Release|Any CPU.ActiveCfg = Release|Any CPU
		{3D65DDBA-F70F-4978-B9AC-6DBF04B5D303}.Release|Any CPU.Build.0 = Release|Any CPU
		{CE235828-7821-47C5-99BB-1D5DD9D7A8E4}.Debug|Any CPU.ActiveCfg = Debug|Any CPU
		{CE235828-7821-47C5-99BB-1D5DD9D7A8E4}.Debug|Any CPU.Build.0 = Debug|Any CPU
		{CE235828-7821-47C5-99BB-1D5DD9D7A8E4}.Release|Any CPU.ActiveCfg = Release|Any CPU
		{CE235828-7821-47C5-99BB-1D5DD9D7A8E4}.Release|Any CPU.Build.0 = Release|Any CPU
		{F44E065B-6FA1-4C8B-95FB-0F062D11B164}.Debug|Any CPU.ActiveCfg = Debug|Any CPU
		{F44E065B-6FA1-4C8B-95FB-0F062D11B164}.Debug|Any CPU.Build.0 = Debug|Any CPU
		{F44E065B-6FA1-4C8B-95FB-0F062D11B164}.Release|Any CPU.ActiveCfg = Release|Any CPU
		{F44E065B-6FA1-4C8B-95FB-0F062D11B164}.Release|Any CPU.Build.0 = Release|Any CPU
		{EEBA7276-CD2E-4119-B122-7B033CEE7DA7}.Debug|Any CPU.ActiveCfg = Debug|Any CPU
		{EEBA7276-CD2E-4119-B122-7B033CEE7DA7}.Debug|Any CPU.Build.0 = Debug|Any CPU
		{EEBA7276-CD2E-4119-B122-7B033CEE7DA7}.Release|Any CPU.ActiveCfg = Release|Any CPU
		{EEBA7276-CD2E-4119-B122-7B033CEE7DA7}.Release|Any CPU.Build.0 = Release|Any CPU
		{9E44872A-61AE-4291-9031-B68E26A4D25F}.Debug|Any CPU.ActiveCfg = Debug|Any CPU
		{9E44872A-61AE-4291-9031-B68E26A4D25F}.Debug|Any CPU.Build.0 = Debug|Any CPU
		{9E44872A-61AE-4291-9031-B68E26A4D25F}.Release|Any CPU.ActiveCfg = Release|Any CPU
		{9E44872A-61AE-4291-9031-B68E26A4D25F}.Release|Any CPU.Build.0 = Release|Any CPU
		{37F1EB47-8DA9-4B74-8530-0FD352A4F30F}.Debug|Any CPU.ActiveCfg = Debug|Any CPU
		{37F1EB47-8DA9-4B74-8530-0FD352A4F30F}.Debug|Any CPU.Build.0 = Debug|Any CPU
		{37F1EB47-8DA9-4B74-8530-0FD352A4F30F}.Release|Any CPU.ActiveCfg = Release|Any CPU
		{37F1EB47-8DA9-4B74-8530-0FD352A4F30F}.Release|Any CPU.Build.0 = Release|Any CPU
		{114D5EE0-0DC0-4DE7-999F-45EEFD81D969}.Debug|Any CPU.ActiveCfg = Debug|Any CPU
		{114D5EE0-0DC0-4DE7-999F-45EEFD81D969}.Debug|Any CPU.Build.0 = Debug|Any CPU
		{114D5EE0-0DC0-4DE7-999F-45EEFD81D969}.Release|Any CPU.ActiveCfg = Release|Any CPU
		{114D5EE0-0DC0-4DE7-999F-45EEFD81D969}.Release|Any CPU.Build.0 = Release|Any CPU
		{5C2FA8B5-B8AF-4857-808C-CDCC0E618121}.Debug|Any CPU.ActiveCfg = Debug|Any CPU
		{5C2FA8B5-B8AF-4857-808C-CDCC0E618121}.Debug|Any CPU.Build.0 = Debug|Any CPU
		{5C2FA8B5-B8AF-4857-808C-CDCC0E618121}.Release|Any CPU.ActiveCfg = Release|Any CPU
		{5C2FA8B5-B8AF-4857-808C-CDCC0E618121}.Release|Any CPU.Build.0 = Release|Any CPU
		{D168B3E7-02D5-4C77-BE2E-20BA69A4B75C}.Debug|Any CPU.ActiveCfg = Debug|Any CPU
		{D168B3E7-02D5-4C77-BE2E-20BA69A4B75C}.Debug|Any CPU.Build.0 = Debug|Any CPU
		{D168B3E7-02D5-4C77-BE2E-20BA69A4B75C}.Release|Any CPU.ActiveCfg = Release|Any CPU
		{D168B3E7-02D5-4C77-BE2E-20BA69A4B75C}.Release|Any CPU.Build.0 = Release|Any CPU
		{AC0343E1-59DF-4D6D-B6F8-BB373B7657C4}.Debug|Any CPU.ActiveCfg = Debug|Any CPU
		{AC0343E1-59DF-4D6D-B6F8-BB373B7657C4}.Debug|Any CPU.Build.0 = Debug|Any CPU
		{AC0343E1-59DF-4D6D-B6F8-BB373B7657C4}.Release|Any CPU.ActiveCfg = Release|Any CPU
		{AC0343E1-59DF-4D6D-B6F8-BB373B7657C4}.Release|Any CPU.Build.0 = Release|Any CPU
		{FD4A25FA-C89E-47E8-9856-DB207FD8614F}.Debug|Any CPU.ActiveCfg = Debug|Any CPU
		{FD4A25FA-C89E-47E8-9856-DB207FD8614F}.Debug|Any CPU.Build.0 = Debug|Any CPU
		{FD4A25FA-C89E-47E8-9856-DB207FD8614F}.Release|Any CPU.ActiveCfg = Release|Any CPU
		{FD4A25FA-C89E-47E8-9856-DB207FD8614F}.Release|Any CPU.Build.0 = Release|Any CPU
		{84BF8902-D4E4-4F15-8DBF-C5A356F81F8C}.Debug|Any CPU.ActiveCfg = Debug|Any CPU
		{84BF8902-D4E4-4F15-8DBF-C5A356F81F8C}.Debug|Any CPU.Build.0 = Debug|Any CPU
		{84BF8902-D4E4-4F15-8DBF-C5A356F81F8C}.Release|Any CPU.ActiveCfg = Release|Any CPU
		{84BF8902-D4E4-4F15-8DBF-C5A356F81F8C}.Release|Any CPU.Build.0 = Release|Any CPU
		{2CF283E9-1A47-4960-8F5C-AB013690968D}.Debug|Any CPU.ActiveCfg = Debug|Any CPU
		{2CF283E9-1A47-4960-8F5C-AB013690968D}.Debug|Any CPU.Build.0 = Debug|Any CPU
		{2CF283E9-1A47-4960-8F5C-AB013690968D}.Release|Any CPU.ActiveCfg = Release|Any CPU
		{2CF283E9-1A47-4960-8F5C-AB013690968D}.Release|Any CPU.Build.0 = Release|Any CPU
		{1618C53C-ABA2-45A8-B071-CBECC4769803}.Debug|Any CPU.ActiveCfg = Debug|Any CPU
		{1618C53C-ABA2-45A8-B071-CBECC4769803}.Debug|Any CPU.Build.0 = Debug|Any CPU
		{1618C53C-ABA2-45A8-B071-CBECC4769803}.Release|Any CPU.ActiveCfg = Release|Any CPU
		{1618C53C-ABA2-45A8-B071-CBECC4769803}.Release|Any CPU.Build.0 = Release|Any CPU
		{60890747-9C75-451D-BBE6-A50CCB767B38}.Debug|Any CPU.ActiveCfg = Debug|Any CPU
		{60890747-9C75-451D-BBE6-A50CCB767B38}.Debug|Any CPU.Build.0 = Debug|Any CPU
		{60890747-9C75-451D-BBE6-A50CCB767B38}.Release|Any CPU.ActiveCfg = Release|Any CPU
		{60890747-9C75-451D-BBE6-A50CCB767B38}.Release|Any CPU.Build.0 = Release|Any CPU
		{CADC2DD2-5D74-4A57-B304-3C659A5CA255}.Debug|Any CPU.ActiveCfg = Debug|Any CPU
		{CADC2DD2-5D74-4A57-B304-3C659A5CA255}.Debug|Any CPU.Build.0 = Debug|Any CPU
		{CADC2DD2-5D74-4A57-B304-3C659A5CA255}.Release|Any CPU.ActiveCfg = Release|Any CPU
		{CADC2DD2-5D74-4A57-B304-3C659A5CA255}.Release|Any CPU.Build.0 = Release|Any CPU
		{8516DB9A-5AFC-418C-9C04-CF58445CFBE0}.Debug|Any CPU.ActiveCfg = Debug|Any CPU
		{8516DB9A-5AFC-418C-9C04-CF58445CFBE0}.Debug|Any CPU.Build.0 = Debug|Any CPU
		{8516DB9A-5AFC-418C-9C04-CF58445CFBE0}.Release|Any CPU.ActiveCfg = Release|Any CPU
		{8516DB9A-5AFC-418C-9C04-CF58445CFBE0}.Release|Any CPU.Build.0 = Release|Any CPU
		{21E5EFA9-90DF-4B00-BEE7-A407AEC2DFD1}.Debug|Any CPU.ActiveCfg = Debug|Any CPU
		{21E5EFA9-90DF-4B00-BEE7-A407AEC2DFD1}.Debug|Any CPU.Build.0 = Debug|Any CPU
		{21E5EFA9-90DF-4B00-BEE7-A407AEC2DFD1}.Release|Any CPU.ActiveCfg = Release|Any CPU
		{21E5EFA9-90DF-4B00-BEE7-A407AEC2DFD1}.Release|Any CPU.Build.0 = Release|Any CPU
		{6C139462-5739-47C0-8990-55220067441A}.Debug|Any CPU.ActiveCfg = Debug|Any CPU
		{6C139462-5739-47C0-8990-55220067441A}.Debug|Any CPU.Build.0 = Debug|Any CPU
		{6C139462-5739-47C0-8990-55220067441A}.Release|Any CPU.ActiveCfg = Release|Any CPU
		{6C139462-5739-47C0-8990-55220067441A}.Release|Any CPU.Build.0 = Release|Any CPU
		{1CF809FA-3A46-4E55-95C2-0B265A822397}.Debug|Any CPU.ActiveCfg = Debug|Any CPU
		{1CF809FA-3A46-4E55-95C2-0B265A822397}.Debug|Any CPU.Build.0 = Debug|Any CPU
		{1CF809FA-3A46-4E55-95C2-0B265A822397}.Release|Any CPU.ActiveCfg = Release|Any CPU
		{1CF809FA-3A46-4E55-95C2-0B265A822397}.Release|Any CPU.Build.0 = Release|Any CPU
		{467E14E8-4BF0-4752-BDD8-7BD2DE098292}.Debug|Any CPU.ActiveCfg = Debug|Any CPU
		{467E14E8-4BF0-4752-BDD8-7BD2DE098292}.Debug|Any CPU.Build.0 = Debug|Any CPU
		{467E14E8-4BF0-4752-BDD8-7BD2DE098292}.Release|Any CPU.ActiveCfg = Release|Any CPU
		{467E14E8-4BF0-4752-BDD8-7BD2DE098292}.Release|Any CPU.Build.0 = Release|Any CPU
		{1BBB3E33-4F7A-4015-9224-218BE50FE31C}.Debug|Any CPU.ActiveCfg = Debug|Any CPU
		{1BBB3E33-4F7A-4015-9224-218BE50FE31C}.Debug|Any CPU.Build.0 = Debug|Any CPU
		{1BBB3E33-4F7A-4015-9224-218BE50FE31C}.Release|Any CPU.ActiveCfg = Release|Any CPU
		{1BBB3E33-4F7A-4015-9224-218BE50FE31C}.Release|Any CPU.Build.0 = Release|Any CPU
		{F65A4B06-92A9-46AF-AB3F-30C367589343}.Debug|Any CPU.ActiveCfg = Debug|Any CPU
		{F65A4B06-92A9-46AF-AB3F-30C367589343}.Debug|Any CPU.Build.0 = Debug|Any CPU
		{F65A4B06-92A9-46AF-AB3F-30C367589343}.Release|Any CPU.ActiveCfg = Release|Any CPU
		{F65A4B06-92A9-46AF-AB3F-30C367589343}.Release|Any CPU.Build.0 = Release|Any CPU
		{98D947EB-F45A-4087-80DF-F1A3BBF35049}.Debug|Any CPU.ActiveCfg = Debug|Any CPU
		{98D947EB-F45A-4087-80DF-F1A3BBF35049}.Debug|Any CPU.Build.0 = Debug|Any CPU
		{98D947EB-F45A-4087-80DF-F1A3BBF35049}.Release|Any CPU.ActiveCfg = Release|Any CPU
		{98D947EB-F45A-4087-80DF-F1A3BBF35049}.Release|Any CPU.Build.0 = Release|Any CPU
		{3964DBD5-CD7C-4A65-83BC-FDB402E857A4}.Debug|Any CPU.ActiveCfg = Debug|Any CPU
		{3964DBD5-CD7C-4A65-83BC-FDB402E857A4}.Debug|Any CPU.Build.0 = Debug|Any CPU
		{3964DBD5-CD7C-4A65-83BC-FDB402E857A4}.Release|Any CPU.ActiveCfg = Release|Any CPU
		{3964DBD5-CD7C-4A65-83BC-FDB402E857A4}.Release|Any CPU.Build.0 = Release|Any CPU
		{C49270F7-EC7F-4F9C-A15D-C7E56B2F6EBE}.Debug|Any CPU.ActiveCfg = Debug|Any CPU
		{C49270F7-EC7F-4F9C-A15D-C7E56B2F6EBE}.Debug|Any CPU.Build.0 = Debug|Any CPU
		{C49270F7-EC7F-4F9C-A15D-C7E56B2F6EBE}.Release|Any CPU.ActiveCfg = Release|Any CPU
		{C49270F7-EC7F-4F9C-A15D-C7E56B2F6EBE}.Release|Any CPU.Build.0 = Release|Any CPU
		{6C12CA2A-CFB7-4FCD-8AF5-7AD7438D3E96}.Debug|Any CPU.ActiveCfg = Debug|Any CPU
		{6C12CA2A-CFB7-4FCD-8AF5-7AD7438D3E96}.Debug|Any CPU.Build.0 = Debug|Any CPU
		{6C12CA2A-CFB7-4FCD-8AF5-7AD7438D3E96}.Release|Any CPU.ActiveCfg = Release|Any CPU
		{6C12CA2A-CFB7-4FCD-8AF5-7AD7438D3E96}.Release|Any CPU.Build.0 = Release|Any CPU
		{9E918C61-2ACF-47F4-8890-612D7F20322B}.Debug|Any CPU.ActiveCfg = Debug|Any CPU
		{9E918C61-2ACF-47F4-8890-612D7F20322B}.Debug|Any CPU.Build.0 = Debug|Any CPU
		{9E918C61-2ACF-47F4-8890-612D7F20322B}.Release|Any CPU.ActiveCfg = Release|Any CPU
		{9E918C61-2ACF-47F4-8890-612D7F20322B}.Release|Any CPU.Build.0 = Release|Any CPU
		{5C46434C-3CD8-4C69-86BE-94C07D7ACCBA}.Debug|Any CPU.ActiveCfg = Debug|Any CPU
		{5C46434C-3CD8-4C69-86BE-94C07D7ACCBA}.Debug|Any CPU.Build.0 = Debug|Any CPU
		{5C46434C-3CD8-4C69-86BE-94C07D7ACCBA}.Release|Any CPU.ActiveCfg = Release|Any CPU
		{5C46434C-3CD8-4C69-86BE-94C07D7ACCBA}.Release|Any CPU.Build.0 = Release|Any CPU
		{4E2DF8D0-B9F7-43F5-9060-2CB2F57121C2}.Debug|Any CPU.ActiveCfg = Debug|Any CPU
		{4E2DF8D0-B9F7-43F5-9060-2CB2F57121C2}.Debug|Any CPU.Build.0 = Debug|Any CPU
		{4E2DF8D0-B9F7-43F5-9060-2CB2F57121C2}.Release|Any CPU.ActiveCfg = Release|Any CPU
		{4E2DF8D0-B9F7-43F5-9060-2CB2F57121C2}.Release|Any CPU.Build.0 = Release|Any CPU
		{10849DCC-D251-4830-8FD1-00FB7E0AFB14}.Debug|Any CPU.ActiveCfg = Debug|Any CPU
		{10849DCC-D251-4830-8FD1-00FB7E0AFB14}.Debug|Any CPU.Build.0 = Debug|Any CPU
		{10849DCC-D251-4830-8FD1-00FB7E0AFB14}.Release|Any CPU.ActiveCfg = Release|Any CPU
		{10849DCC-D251-4830-8FD1-00FB7E0AFB14}.Release|Any CPU.Build.0 = Release|Any CPU
		{2EED2BF1-EF97-4288-BDE0-AC26A11B6E73}.Debug|Any CPU.ActiveCfg = Debug|Any CPU
		{2EED2BF1-EF97-4288-BDE0-AC26A11B6E73}.Debug|Any CPU.Build.0 = Debug|Any CPU
		{2EED2BF1-EF97-4288-BDE0-AC26A11B6E73}.Release|Any CPU.ActiveCfg = Release|Any CPU
		{2EED2BF1-EF97-4288-BDE0-AC26A11B6E73}.Release|Any CPU.Build.0 = Release|Any CPU
		{466973CA-CF7F-441B-82DE-3C6674D89C41}.Debug|Any CPU.ActiveCfg = Debug|Any CPU
		{466973CA-CF7F-441B-82DE-3C6674D89C41}.Debug|Any CPU.Build.0 = Debug|Any CPU
		{466973CA-CF7F-441B-82DE-3C6674D89C41}.Release|Any CPU.ActiveCfg = Release|Any CPU
		{466973CA-CF7F-441B-82DE-3C6674D89C41}.Release|Any CPU.Build.0 = Release|Any CPU
		{9F232257-4022-4213-9B46-B831D15F46D0}.Debug|Any CPU.ActiveCfg = Debug|Any CPU
		{9F232257-4022-4213-9B46-B831D15F46D0}.Debug|Any CPU.Build.0 = Debug|Any CPU
		{9F232257-4022-4213-9B46-B831D15F46D0}.Release|Any CPU.ActiveCfg = Release|Any CPU
		{9F232257-4022-4213-9B46-B831D15F46D0}.Release|Any CPU.Build.0 = Release|Any CPU
		{3188FC8C-35C7-45BC-A157-9DCD9BEFF177}.Debug|Any CPU.ActiveCfg = Debug|Any CPU
		{3188FC8C-35C7-45BC-A157-9DCD9BEFF177}.Debug|Any CPU.Build.0 = Debug|Any CPU
		{3188FC8C-35C7-45BC-A157-9DCD9BEFF177}.Release|Any CPU.ActiveCfg = Release|Any CPU
		{3188FC8C-35C7-45BC-A157-9DCD9BEFF177}.Release|Any CPU.Build.0 = Release|Any CPU
		{6892EC82-6F98-4537-8C4B-CF18D1566784}.Debug|Any CPU.ActiveCfg = Debug|Any CPU
		{6892EC82-6F98-4537-8C4B-CF18D1566784}.Debug|Any CPU.Build.0 = Debug|Any CPU
		{6892EC82-6F98-4537-8C4B-CF18D1566784}.Release|Any CPU.ActiveCfg = Release|Any CPU
		{6892EC82-6F98-4537-8C4B-CF18D1566784}.Release|Any CPU.Build.0 = Release|Any CPU
		{7CE67B80-750D-401B-ACAE-F2AA0C246E65}.Debug|Any CPU.ActiveCfg = Debug|Any CPU
		{7CE67B80-750D-401B-ACAE-F2AA0C246E65}.Debug|Any CPU.Build.0 = Debug|Any CPU
		{7CE67B80-750D-401B-ACAE-F2AA0C246E65}.Release|Any CPU.ActiveCfg = Release|Any CPU
		{7CE67B80-750D-401B-ACAE-F2AA0C246E65}.Release|Any CPU.Build.0 = Release|Any CPU
		{5BCE45A1-4A1A-4D68-9CA6-44A0A0106C23}.Debug|Any CPU.ActiveCfg = Debug|Any CPU
		{5BCE45A1-4A1A-4D68-9CA6-44A0A0106C23}.Debug|Any CPU.Build.0 = Debug|Any CPU
		{5BCE45A1-4A1A-4D68-9CA6-44A0A0106C23}.Release|Any CPU.ActiveCfg = Release|Any CPU
		{5BCE45A1-4A1A-4D68-9CA6-44A0A0106C23}.Release|Any CPU.Build.0 = Release|Any CPU
		{66DC1A38-5F54-41AE-A861-19D284642F8F}.Debug|Any CPU.ActiveCfg = Debug|Any CPU
		{66DC1A38-5F54-41AE-A861-19D284642F8F}.Debug|Any CPU.Build.0 = Debug|Any CPU
		{66DC1A38-5F54-41AE-A861-19D284642F8F}.Release|Any CPU.ActiveCfg = Release|Any CPU
		{66DC1A38-5F54-41AE-A861-19D284642F8F}.Release|Any CPU.Build.0 = Release|Any CPU
		{B31018CD-0B6E-491F-B39D-E651B1D6C980}.Debug|Any CPU.ActiveCfg = Debug|Any CPU
		{B31018CD-0B6E-491F-B39D-E651B1D6C980}.Debug|Any CPU.Build.0 = Debug|Any CPU
		{B31018CD-0B6E-491F-B39D-E651B1D6C980}.Release|Any CPU.ActiveCfg = Release|Any CPU
		{B31018CD-0B6E-491F-B39D-E651B1D6C980}.Release|Any CPU.Build.0 = Release|Any CPU
		{17F8FF63-64D9-463E-9DF8-2BA52B48A7BA}.Debug|Any CPU.ActiveCfg = Debug|Any CPU
		{17F8FF63-64D9-463E-9DF8-2BA52B48A7BA}.Debug|Any CPU.Build.0 = Debug|Any CPU
		{17F8FF63-64D9-463E-9DF8-2BA52B48A7BA}.Release|Any CPU.ActiveCfg = Release|Any CPU
		{17F8FF63-64D9-463E-9DF8-2BA52B48A7BA}.Release|Any CPU.Build.0 = Release|Any CPU
		{16BE2E63-B54A-4592-8BC5-A23D356FE8B7}.Debug|Any CPU.ActiveCfg = Debug|Any CPU
		{16BE2E63-B54A-4592-8BC5-A23D356FE8B7}.Debug|Any CPU.Build.0 = Debug|Any CPU
		{16BE2E63-B54A-4592-8BC5-A23D356FE8B7}.Release|Any CPU.ActiveCfg = Release|Any CPU
		{16BE2E63-B54A-4592-8BC5-A23D356FE8B7}.Release|Any CPU.Build.0 = Release|Any CPU
		{59565BF7-7E14-43D8-9F1B-B25622640C30}.Debug|Any CPU.ActiveCfg = Debug|Any CPU
		{59565BF7-7E14-43D8-9F1B-B25622640C30}.Debug|Any CPU.Build.0 = Debug|Any CPU
		{59565BF7-7E14-43D8-9F1B-B25622640C30}.Release|Any CPU.ActiveCfg = Release|Any CPU
		{59565BF7-7E14-43D8-9F1B-B25622640C30}.Release|Any CPU.Build.0 = Release|Any CPU
		{A0DACF27-52C4-45E1-B30C-28FD53D40A43}.Debug|Any CPU.ActiveCfg = Debug|Any CPU
		{A0DACF27-52C4-45E1-B30C-28FD53D40A43}.Debug|Any CPU.Build.0 = Debug|Any CPU
		{A0DACF27-52C4-45E1-B30C-28FD53D40A43}.Release|Any CPU.ActiveCfg = Release|Any CPU
		{A0DACF27-52C4-45E1-B30C-28FD53D40A43}.Release|Any CPU.Build.0 = Release|Any CPU
		{DB7F68B8-54AF-4E2E-8764-16A77A09F3F2}.Debug|Any CPU.ActiveCfg = Debug|Any CPU
		{DB7F68B8-54AF-4E2E-8764-16A77A09F3F2}.Debug|Any CPU.Build.0 = Debug|Any CPU
		{DB7F68B8-54AF-4E2E-8764-16A77A09F3F2}.Release|Any CPU.ActiveCfg = Release|Any CPU
		{DB7F68B8-54AF-4E2E-8764-16A77A09F3F2}.Release|Any CPU.Build.0 = Release|Any CPU
		{1F5378D1-AF2F-4BB6-A316-846EFC97565F}.Debug|Any CPU.ActiveCfg = Debug|Any CPU
		{1F5378D1-AF2F-4BB6-A316-846EFC97565F}.Debug|Any CPU.Build.0 = Debug|Any CPU
		{1F5378D1-AF2F-4BB6-A316-846EFC97565F}.Release|Any CPU.ActiveCfg = Release|Any CPU
		{1F5378D1-AF2F-4BB6-A316-846EFC97565F}.Release|Any CPU.Build.0 = Release|Any CPU
		{B03ADA7E-C18D-4D3B-984F-D7002CA42FFE}.Debug|Any CPU.ActiveCfg = Debug|Any CPU
		{B03ADA7E-C18D-4D3B-984F-D7002CA42FFE}.Debug|Any CPU.Build.0 = Debug|Any CPU
		{B03ADA7E-C18D-4D3B-984F-D7002CA42FFE}.Release|Any CPU.ActiveCfg = Release|Any CPU
		{B03ADA7E-C18D-4D3B-984F-D7002CA42FFE}.Release|Any CPU.Build.0 = Release|Any CPU
		{FAB38745-55C9-41C0-A621-6D70D2E3F684}.Debug|Any CPU.ActiveCfg = Debug|Any CPU
		{FAB38745-55C9-41C0-A621-6D70D2E3F684}.Debug|Any CPU.Build.0 = Debug|Any CPU
		{FAB38745-55C9-41C0-A621-6D70D2E3F684}.Release|Any CPU.ActiveCfg = Release|Any CPU
		{FAB38745-55C9-41C0-A621-6D70D2E3F684}.Release|Any CPU.Build.0 = Release|Any CPU
		{E1ECF0B5-55A4-44EA-937B-97AF3DE9F6A0}.Debug|Any CPU.ActiveCfg = Debug|Any CPU
		{E1ECF0B5-55A4-44EA-937B-97AF3DE9F6A0}.Debug|Any CPU.Build.0 = Debug|Any CPU
		{E1ECF0B5-55A4-44EA-937B-97AF3DE9F6A0}.Release|Any CPU.ActiveCfg = Release|Any CPU
		{E1ECF0B5-55A4-44EA-937B-97AF3DE9F6A0}.Release|Any CPU.Build.0 = Release|Any CPU
		{72EB982A-281C-4A28-913E-58ABC600590A}.Debug|Any CPU.ActiveCfg = Debug|Any CPU
		{72EB982A-281C-4A28-913E-58ABC600590A}.Debug|Any CPU.Build.0 = Debug|Any CPU
		{72EB982A-281C-4A28-913E-58ABC600590A}.Release|Any CPU.ActiveCfg = Release|Any CPU
		{72EB982A-281C-4A28-913E-58ABC600590A}.Release|Any CPU.Build.0 = Release|Any CPU
		{40720CE2-F293-492A-9876-940D428423C4}.Debug|Any CPU.ActiveCfg = Debug|Any CPU
		{40720CE2-F293-492A-9876-940D428423C4}.Debug|Any CPU.Build.0 = Debug|Any CPU
		{40720CE2-F293-492A-9876-940D428423C4}.Release|Any CPU.ActiveCfg = Release|Any CPU
		{40720CE2-F293-492A-9876-940D428423C4}.Release|Any CPU.Build.0 = Release|Any CPU
		{BFF37CB4-0A4A-4C94-9E65-71EDC2FEC098}.Debug|Any CPU.ActiveCfg = Debug|Any CPU
		{BFF37CB4-0A4A-4C94-9E65-71EDC2FEC098}.Debug|Any CPU.Build.0 = Debug|Any CPU
		{BFF37CB4-0A4A-4C94-9E65-71EDC2FEC098}.Release|Any CPU.ActiveCfg = Release|Any CPU
		{BFF37CB4-0A4A-4C94-9E65-71EDC2FEC098}.Release|Any CPU.Build.0 = Release|Any CPU
		{C5EF51EA-BC50-46BB-94BA-F21258A5F123}.Debug|Any CPU.ActiveCfg = Debug|Any CPU
		{C5EF51EA-BC50-46BB-94BA-F21258A5F123}.Debug|Any CPU.Build.0 = Debug|Any CPU
		{C5EF51EA-BC50-46BB-94BA-F21258A5F123}.Release|Any CPU.ActiveCfg = Release|Any CPU
		{C5EF51EA-BC50-46BB-94BA-F21258A5F123}.Release|Any CPU.Build.0 = Release|Any CPU
		{618EFE32-C996-41D9-A20F-3718067861EF}.Debug|Any CPU.ActiveCfg = Debug|Any CPU
		{618EFE32-C996-41D9-A20F-3718067861EF}.Debug|Any CPU.Build.0 = Debug|Any CPU
		{618EFE32-C996-41D9-A20F-3718067861EF}.Release|Any CPU.ActiveCfg = Release|Any CPU
		{618EFE32-C996-41D9-A20F-3718067861EF}.Release|Any CPU.Build.0 = Release|Any CPU
		{0B341108-9212-451E-BBCF-37B4A4C85AFA}.Debug|Any CPU.ActiveCfg = Debug|Any CPU
		{0B341108-9212-451E-BBCF-37B4A4C85AFA}.Debug|Any CPU.Build.0 = Debug|Any CPU
		{0B341108-9212-451E-BBCF-37B4A4C85AFA}.Release|Any CPU.ActiveCfg = Release|Any CPU
		{0B341108-9212-451E-BBCF-37B4A4C85AFA}.Release|Any CPU.Build.0 = Release|Any CPU
		{3E567311-E5C7-4256-B94C-DF594A053ED6}.Debug|Any CPU.ActiveCfg = Debug|Any CPU
		{3E567311-E5C7-4256-B94C-DF594A053ED6}.Debug|Any CPU.Build.0 = Debug|Any CPU
		{3E567311-E5C7-4256-B94C-DF594A053ED6}.Release|Any CPU.ActiveCfg = Release|Any CPU
		{3E567311-E5C7-4256-B94C-DF594A053ED6}.Release|Any CPU.Build.0 = Release|Any CPU
		{0A729F18-D32C-4628-BA84-6338BD34E6B9}.Debug|Any CPU.ActiveCfg = Debug|Any CPU
		{0A729F18-D32C-4628-BA84-6338BD34E6B9}.Debug|Any CPU.Build.0 = Debug|Any CPU
		{0A729F18-D32C-4628-BA84-6338BD34E6B9}.Release|Any CPU.ActiveCfg = Release|Any CPU
		{0A729F18-D32C-4628-BA84-6338BD34E6B9}.Release|Any CPU.Build.0 = Release|Any CPU
		{468C86E6-5DDE-4A36-AB85-8DAFEA0488DB}.Debug|Any CPU.ActiveCfg = Debug|Any CPU
		{468C86E6-5DDE-4A36-AB85-8DAFEA0488DB}.Debug|Any CPU.Build.0 = Debug|Any CPU
		{468C86E6-5DDE-4A36-AB85-8DAFEA0488DB}.Release|Any CPU.ActiveCfg = Release|Any CPU
		{468C86E6-5DDE-4A36-AB85-8DAFEA0488DB}.Release|Any CPU.Build.0 = Release|Any CPU
		{EF040D4E-19BD-42E9-A422-C0591382DEB5}.Debug|Any CPU.ActiveCfg = Debug|Any CPU
		{EF040D4E-19BD-42E9-A422-C0591382DEB5}.Debug|Any CPU.Build.0 = Debug|Any CPU
		{EF040D4E-19BD-42E9-A422-C0591382DEB5}.Release|Any CPU.ActiveCfg = Release|Any CPU
		{EF040D4E-19BD-42E9-A422-C0591382DEB5}.Release|Any CPU.Build.0 = Release|Any CPU
		{A5BBD887-A1C1-4074-899A-0CB3158AFED5}.Debug|Any CPU.ActiveCfg = Debug|Any CPU
		{A5BBD887-A1C1-4074-899A-0CB3158AFED5}.Debug|Any CPU.Build.0 = Debug|Any CPU
		{A5BBD887-A1C1-4074-899A-0CB3158AFED5}.Release|Any CPU.ActiveCfg = Release|Any CPU
		{A5BBD887-A1C1-4074-899A-0CB3158AFED5}.Release|Any CPU.Build.0 = Release|Any CPU
		{23CB5BC0-A351-4B5C-B29B-B1CCF4F0BE4F}.Debug|Any CPU.ActiveCfg = Debug|Any CPU
		{23CB5BC0-A351-4B5C-B29B-B1CCF4F0BE4F}.Debug|Any CPU.Build.0 = Debug|Any CPU
		{23CB5BC0-A351-4B5C-B29B-B1CCF4F0BE4F}.Release|Any CPU.ActiveCfg = Release|Any CPU
		{23CB5BC0-A351-4B5C-B29B-B1CCF4F0BE4F}.Release|Any CPU.Build.0 = Release|Any CPU
		{05185166-EBE6-4402-8067-A16C906EE11F}.Debug|Any CPU.ActiveCfg = Debug|Any CPU
		{05185166-EBE6-4402-8067-A16C906EE11F}.Debug|Any CPU.Build.0 = Debug|Any CPU
		{05185166-EBE6-4402-8067-A16C906EE11F}.Release|Any CPU.ActiveCfg = Release|Any CPU
		{05185166-EBE6-4402-8067-A16C906EE11F}.Release|Any CPU.Build.0 = Release|Any CPU
		{0273ABBA-E117-4083-88B0-2EEF98C53E15}.Debug|Any CPU.ActiveCfg = Debug|Any CPU
		{0273ABBA-E117-4083-88B0-2EEF98C53E15}.Debug|Any CPU.Build.0 = Debug|Any CPU
		{0273ABBA-E117-4083-88B0-2EEF98C53E15}.Release|Any CPU.ActiveCfg = Release|Any CPU
		{0273ABBA-E117-4083-88B0-2EEF98C53E15}.Release|Any CPU.Build.0 = Release|Any CPU
		{E6B10E60-BD2F-47BA-B0CC-D273EFB8662C}.Debug|Any CPU.ActiveCfg = Debug|Any CPU
		{E6B10E60-BD2F-47BA-B0CC-D273EFB8662C}.Debug|Any CPU.Build.0 = Debug|Any CPU
		{E6B10E60-BD2F-47BA-B0CC-D273EFB8662C}.Release|Any CPU.ActiveCfg = Release|Any CPU
		{E6B10E60-BD2F-47BA-B0CC-D273EFB8662C}.Release|Any CPU.Build.0 = Release|Any CPU
		{CDEFFC04-F29A-47A8-AAFC-134780943354}.Debug|Any CPU.ActiveCfg = Debug|Any CPU
		{CDEFFC04-F29A-47A8-AAFC-134780943354}.Debug|Any CPU.Build.0 = Debug|Any CPU
		{CDEFFC04-F29A-47A8-AAFC-134780943354}.Release|Any CPU.ActiveCfg = Release|Any CPU
		{CDEFFC04-F29A-47A8-AAFC-134780943354}.Release|Any CPU.Build.0 = Release|Any CPU
		{21EE3058-BE82-4DA6-BAAC-F37EA718ECA7}.Debug|Any CPU.ActiveCfg = Debug|Any CPU
		{21EE3058-BE82-4DA6-BAAC-F37EA718ECA7}.Debug|Any CPU.Build.0 = Debug|Any CPU
		{21EE3058-BE82-4DA6-BAAC-F37EA718ECA7}.Release|Any CPU.ActiveCfg = Release|Any CPU
		{21EE3058-BE82-4DA6-BAAC-F37EA718ECA7}.Release|Any CPU.Build.0 = Release|Any CPU
		{7A464D5F-C9B9-4B74-A8A2-13AC9B6224A0}.Debug|Any CPU.ActiveCfg = Debug|Any CPU
		{7A464D5F-C9B9-4B74-A8A2-13AC9B6224A0}.Debug|Any CPU.Build.0 = Debug|Any CPU
		{7A464D5F-C9B9-4B74-A8A2-13AC9B6224A0}.Release|Any CPU.ActiveCfg = Release|Any CPU
		{7A464D5F-C9B9-4B74-A8A2-13AC9B6224A0}.Release|Any CPU.Build.0 = Release|Any CPU
		{F578FB2A-403F-403B-B80E-3EE7A335A87A}.Debug|Any CPU.ActiveCfg = Debug|Any CPU
		{F578FB2A-403F-403B-B80E-3EE7A335A87A}.Debug|Any CPU.Build.0 = Debug|Any CPU
		{F578FB2A-403F-403B-B80E-3EE7A335A87A}.Release|Any CPU.ActiveCfg = Release|Any CPU
		{F578FB2A-403F-403B-B80E-3EE7A335A87A}.Release|Any CPU.Build.0 = Release|Any CPU
	EndGlobalSection
	GlobalSection(SolutionProperties) = preSolution
		HideSolutionNode = FALSE
	EndGlobalSection
	GlobalSection(ExtensibilityGlobals) = postSolution
		SolutionGuid = {61CD87ED-0F31-46E3-B20A-D6BEF31334C7}
	EndGlobalSection
EndGlobal
